{
  "name": "centraldogma",
  "lockfileVersion": 3,
  "requires": true,
  "packages": {
    "": {
      "dependencies": {
        "cronstrue": "^2.50.0"
      }
    },
    "node_modules/cronstrue": {
      "version": "2.50.0",
      "resolved": "https://registry.npmjs.org/cronstrue/-/cronstrue-2.50.0.tgz",
      "integrity": "sha512-ULYhWIonJzlScCCQrPUG5uMXzXxSixty4djud9SS37DoNxDdkeRocxzHuAo4ImRBUK+mAuU5X9TSwEDccnnuPg==",
      "license": "MIT",
      "bin": {
        "cronstrue": "bin/cli.js"
      }
    }
  }
}
