{
  "name": "@centraldogma/webapp",
  "lockfileVersion": 2,
  "requires": true,
  "packages": {
    "": {
      "name": "@centraldogma/webapp",
      "license": "Apache-2.0",
      "dependencies": {
        "ace-builds": "1.2.5",
        "angular": "1.5.8",
        "angular-cache-buster": "0.4.3",
        "angular-cookies": "1.5.8",
        "angular-dynamic-locale": "0.1.32",
        "angular-i18n": "1.5.8",
        "angular-local-storage": "0.5.0",
        "angular-resource": "1.5.8",
        "angular-sanitize": "1.5.8",
        "angular-translate": "2.13.0",
        "angular-translate-loader-partial": "2.13.0",
        "angular-translate-storage-cookie": "2.13.0",
        "angular-ui-ace": "0.2.3",
        "angular-ui-bootstrap": "2.2.0",
        "angular-ui-notification": "0.2.0",
        "angular-ui-router": "0.3.2",
        "bootstrap": "3.3.7",
        "bootswatch": "3.3.7",
        "diff": "3.5.0",
        "fast-json-patch": "1.1.1",
        "jquery": "2.2.4",
        "json3": "3.3.2",
        "moment": "2.16.0"
      }
    },
    "node_modules/ace-builds": {
      "version": "1.2.5",
      "resolved": "https://registry.npmjs.org/ace-builds/-/ace-builds-1.2.5.tgz",
      "integrity": "sha512-M6a1D19fnCaT8Jp+CeRMbcab1cU8sTFp879ZXRFgrDfgOxAuU1wkZMfR2ZuLQwfb//O10PwBNh5h7sjNmrb3yg=="
    },
    "node_modules/angular": {
      "version": "1.5.8",
      "resolved": "https://registry.npmjs.org/angular/-/angular-1.5.8.tgz",
      "integrity": "sha512-NvzSfusQ5J70ZFVui9Y+sv453kkaqGuke3ZjLSzuKNnXJx5WytGSsJEDpoDmKUDKn3goiToVtu3ptW3nEBRs3Q==",
      "deprecated": "For the actively supported Angular, see https://www.npmjs.com/package/@angular/core. AngularJS support has officially ended. For extended AngularJS support options, see https://goo.gle/angularjs-path-forward."
    },
    "node_modules/angular-cache-buster": {
      "version": "0.4.3",
      "resolved": "https://registry.npmjs.org/angular-cache-buster/-/angular-cache-buster-0.4.3.tgz",
      "integrity": "sha512-VQgq+RR6ZMxbOLTOLgQB7EsCbMsqraxvwV23M4GRg604usL53bz0N+oYLLCfEAEJ+cvd6QH9kcMCBoyKTjx3aw=="
    },
    "node_modules/angular-cookies": {
      "version": "1.5.8",
      "resolved": "https://registry.npmjs.org/angular-cookies/-/angular-cookies-1.5.8.tgz",
      "integrity": "sha512-yT7xzQ7qD2VDF8pukyQ/ly3/pPtdtiUesl0Bg6CNNINttS7GujriU8gnQIEGeZfetmrft80aTYcD3J9nyi3/pA==",
      "deprecated": "For the actively supported Angular, see https://www.npmjs.com/package/@angular/core. AngularJS support has officially ended. For extended AngularJS support options, see https://goo.gle/angularjs-path-forward."
    },
    "node_modules/angular-dynamic-locale": {
      "version": "0.1.32",
      "resolved": "https://registry.npmjs.org/angular-dynamic-locale/-/angular-dynamic-locale-0.1.32.tgz",
      "integrity": "sha512-Q+8Vbb9hlM+mXD09JO/BJanmk9wvcDbovTOIDYc6efFWgS6QqBXpiAD86YZaHbyJ45hM6MEWqbkJv+pnJKQgpQ=="
    },
    "node_modules/angular-i18n": {
      "version": "1.5.8",
      "resolved": "https://registry.npmjs.org/angular-i18n/-/angular-i18n-1.5.8.tgz",
      "integrity": "sha512-Tg/z1PDGR1Va7QHANmtMI1k3WxlL59PiWNNHRVa0lcz+CiuuuqCki/tteGDi3taUM2t8HYIOLvNlnRbxy3C/Zw==",
      "deprecated": "For the actively supported Angular, see https://www.npmjs.com/package/@angular/core. AngularJS support has officially ended. For extended AngularJS support options, see https://goo.gle/angularjs-path-forward."
    },
    "node_modules/angular-local-storage": {
      "version": "0.5.0",
      "resolved": "https://registry.npmjs.org/angular-local-storage/-/angular-local-storage-0.5.0.tgz",
      "integrity": "sha512-GksrqEpE9af70hqFN/xcVvTaUDcyhTDCedG560lgfTzfVsEeYza1kikK240OfKkJa9NVjbmfMlOP7CdTRNjiow=="
    },
    "node_modules/angular-resource": {
      "version": "1.5.8",
      "resolved": "https://registry.npmjs.org/angular-resource/-/angular-resource-1.5.8.tgz",
      "integrity": "sha512-Ckp4gsMbQOE8HvUECZOnx+FWGv/yL7K4q5SOihY2ifav6FkaItRFM4exBLUnwYDXUKebtbfkHaDDQMoILx0jfw==",
      "deprecated": "For the actively supported Angular, see https://www.npmjs.com/package/@angular/core. AngularJS support has officially ended. For extended AngularJS support options, see https://goo.gle/angularjs-path-forward."
    },
    "node_modules/angular-sanitize": {
      "version": "1.5.8",
      "resolved": "https://registry.npmjs.org/angular-sanitize/-/angular-sanitize-1.5.8.tgz",
      "integrity": "sha512-SCr0ekZLacVt5RzgufvfYQRYr34pJSL+lVcbBBtvXyMXNC2g9RcTxA+Uwgaq4AoxnxGiZb2WYrXMtL9nYGAo+Q==",
      "deprecated": "For the actively supported Angular, see https://www.npmjs.com/package/@angular/core. AngularJS support has officially ended. For extended AngularJS support options, see https://goo.gle/angularjs-path-forward."
    },
    "node_modules/angular-translate": {
      "version": "2.13.0",
      "resolved": "https://registry.npmjs.org/angular-translate/-/angular-translate-2.13.0.tgz",
      "integrity": "sha512-x5u+IK3Zw0CPJEKs12qGyAlCcqIT6SKXPAol6UfCzPkXl0pIkKzMOqQhRjsfXafRIm4/uAE5o9bM7fM3RdxQxw==",
      "dependencies": {
        "angular": ">=1.2.26 <=1.6"
      },
      "engines": {
        "node": ">=6.9"
      }
    },
    "node_modules/angular-translate-loader-partial": {
      "version": "2.13.0",
      "resolved": "https://registry.npmjs.org/angular-translate-loader-partial/-/angular-translate-loader-partial-2.13.0.tgz",
      "integrity": "sha512-SCVtUDddPynRdG1KHuqfJ1eJu0hzndD/BbjdbkQSyeKjpYhCAxR7NjgCsffVmsA8KU46Kcj1nvedUfR2hrwAcQ==",
      "dependencies": {
        "angular-translate": "~2.13.0"
      }
    },
    "node_modules/angular-translate-storage-cookie": {
      "version": "2.13.0",
      "resolved": "https://registry.npmjs.org/angular-translate-storage-cookie/-/angular-translate-storage-cookie-2.13.0.tgz",
      "integrity": "sha512-dgaw36cSXXo+HwHJZ1JjfgjMUnO29G0AJ8tQkibp5o+jUkRv6OKIzteJM9qNgxA6+qNVeTQdFmxq7YRHvIpDNA==",
      "dependencies": {
        "angular-cookies": ">=1.2.26 <1.6",
        "angular-translate": "~2.13.0"
      }
    },
    "node_modules/angular-ui-ace": {
      "version": "0.2.3",
      "resolved": "https://registry.npmjs.org/angular-ui-ace/-/angular-ui-ace-0.2.3.tgz",
      "integrity": "sha512-uh3840Jvs6+uUW3u3T5D17AbKeAirPS+chpIMokJECNBpPOoK0ZoS61UKlHb6hsx6o0LCM9KlnAi84BDtmIkUA=="
    },
    "node_modules/angular-ui-bootstrap": {
      "version": "2.2.0",
      "resolved": "https://registry.npmjs.org/angular-ui-bootstrap/-/angular-ui-bootstrap-2.2.0.tgz",
      "integrity": "sha512-+OVf6od0euS6HmbpYZhb6Xx/pqNyByFIc/t20us+Q6KAU79muPvQ0Uzc39eCbnc9Uz1+pNk/yKOlJTezdEBiyg=="
    },
    "node_modules/angular-ui-notification": {
      "version": "0.2.0",
      "resolved": "https://registry.npmjs.org/angular-ui-notification/-/angular-ui-notification-0.2.0.tgz",
      "integrity": "sha512-hiUGiCs5mb7oBbqp83BWKEwUHBTY+1JPrMp6KgXGFk9srizz3OwzRkd3rOT3SIQdkJPMWp/SkpZsRErFXy3/XA=="
    },
    "node_modules/angular-ui-router": {
      "version": "0.3.2",
      "resolved": "https://registry.npmjs.org/angular-ui-router/-/angular-ui-router-0.3.2.tgz",
      "integrity": "sha512-FXtC3D7z7SNtSIdMDXCVO+v4Q6jPABneDvRu6NyOeeZlo09mQFqVCjhKqJWnf94ZlNSmyOXoFSqKD5tL2JTFEg==",
      "deprecated": "This npm package 'angular-ui-router' has been renamed to '@uirouter/angularjs'. Please update your package.json. See https://ui-router.github.io/blog/uirouter-scoped-packages/",
      "dependencies": {
        "angular": "^1.0.8"
      }
    },
    "node_modules/bootstrap": {
      "version": "3.3.7",
      "resolved": "https://registry.npmjs.org/bootstrap/-/bootstrap-3.3.7.tgz",
      "integrity": "sha512-qcFaisBrcBhTFkz1IUnGDYnX6ZWfFzH8zOixUDtHW9Ip+r+7MfMFav2rzy7cIHc7rgIg7xjhWBoo1mS/U26j4g==",
      "engines": {
        "node": ">=0.10.1"
      }
    },
    "node_modules/bootswatch": {
      "version": "3.3.7",
      "resolved": "https://registry.npmjs.org/bootswatch/-/bootswatch-3.3.7.tgz",
      "integrity": "sha512-8tHnBRrEHX+CtFyth9XPyR7Tl97VaU/w14eRRm+/mZrEs9JSe8Ren9UEkdFjDMlxIeDREKichmrb90EzXgtKSQ==",
      "engines": {
        "node": ">= 0.10.0"
      }
    },
    "node_modules/diff": {
      "version": "3.5.0",
      "resolved": "https://registry.npmjs.org/diff/-/diff-3.5.0.tgz",
      "integrity": "sha512-A46qtFgd+g7pDZinpnwiRJtxbC1hpgf0uzP3iG89scHk0AUC7A1TGxf5OiiOUv/JMZR8GOt8hL900hV0bOy5xA==",
      "engines": {
        "node": ">=0.3.1"
      }
    },
    "node_modules/fast-json-patch": {
      "version": "1.1.1",
      "resolved": "https://registry.npmjs.org/fast-json-patch/-/fast-json-patch-1.1.1.tgz",
      "integrity": "sha512-6E4IY1bdWejJPHLdP0qjeQehvTgqifd5KjBz2RgPw+XaZGRGOY7PbQP8aoQVVefJNSR26G3dLQYGJIo6890IzA==",
      "engines": {
        "node": ">= 0.4.0"
      }
    },
    "node_modules/jquery": {
      "version": "2.2.4",
      "resolved": "https://registry.npmjs.org/jquery/-/jquery-2.2.4.tgz",
      "integrity": "sha512-lBHj60ezci2u1v2FqnZIraShGgEXq35qCzMv4lITyHGppTnA13rwR0MgwyNJh9TnDs3aXUvd1xjAotfraMHX/Q=="
    },
    "node_modules/json3": {
      "version": "3.3.2",
      "resolved": "https://registry.npmjs.org/json3/-/json3-3.3.2.tgz",
      "integrity": "sha512-I5YLeauH3rIaE99EE++UeH2M2gSYo8/2TqDac7oZEH6D/DSQ4Woa628Qrfj1X9/OY5Mk5VvIDQaKCDchXaKrmA==",
      "deprecated": "Please use the native JSON object instead of JSON 3"
    },
    "node_modules/moment": {
      "version": "2.16.0",
      "resolved": "https://registry.npmjs.org/moment/-/moment-2.16.0.tgz",
      "integrity": "sha512-Jmy+b0/BMklLlYBzrClLstnS9Wn/WzYnmM2ub8wjdIJhp8UnbTTIHLLZpEsgmPTPgjFnXbTe32XYKYkadf9qJQ==",
      "engines": {
        "node": "*"
      }
    }
  },
  "dependencies": {
    "ace-builds": {
      "version": "1.2.5",
      "resolved": "https://registry.npmjs.org/ace-builds/-/ace-builds-1.2.5.tgz",
      "integrity": "sha512-M6a1D19fnCaT8Jp+CeRMbcab1cU8sTFp879ZXRFgrDfgOxAuU1wkZMfR2ZuLQwfb//O10PwBNh5h7sjNmrb3yg=="
    },
    "angular": {
      "version": "1.5.8",
      "resolved": "https://registry.npmjs.org/angular/-/angular-1.5.8.tgz",
      "integrity": "sha512-NvzSfusQ5J70ZFVui9Y+sv453kkaqGuke3ZjLSzuKNnXJx5WytGSsJEDpoDmKUDKn3goiToVtu3ptW3nEBRs3Q=="
    },
    "angular-cache-buster": {
      "version": "0.4.3",
      "resolved": "https://registry.npmjs.org/angular-cache-buster/-/angular-cache-buster-0.4.3.tgz",
      "integrity": "sha512-VQgq+RR6ZMxbOLTOLgQB7EsCbMsqraxvwV23M4GRg604usL53bz0N+oYLLCfEAEJ+cvd6QH9kcMCBoyKTjx3aw=="
    },
    "angular-cookies": {
      "version": "1.5.8",
      "resolved": "https://registry.npmjs.org/angular-cookies/-/angular-cookies-1.5.8.tgz",
      "integrity": "sha512-yT7xzQ7qD2VDF8pukyQ/ly3/pPtdtiUesl0Bg6CNNINttS7GujriU8gnQIEGeZfetmrft80aTYcD3J9nyi3/pA=="
    },
    "angular-dynamic-locale": {
      "version": "0.1.32",
      "resolved": "https://registry.npmjs.org/angular-dynamic-locale/-/angular-dynamic-locale-0.1.32.tgz",
      "integrity": "sha512-Q+8Vbb9hlM+mXD09JO/BJanmk9wvcDbovTOIDYc6efFWgS6QqBXpiAD86YZaHbyJ45hM6MEWqbkJv+pnJKQgpQ=="
    },
    "angular-i18n": {
      "version": "1.5.8",
      "resolved": "https://registry.npmjs.org/angular-i18n/-/angular-i18n-1.5.8.tgz",
      "integrity": "sha512-Tg/z1PDGR1Va7QHANmtMI1k3WxlL59PiWNNHRVa0lcz+CiuuuqCki/tteGDi3taUM2t8HYIOLvNlnRbxy3C/Zw=="
    },
    "angular-local-storage": {
      "version": "0.5.0",
      "resolved": "https://registry.npmjs.org/angular-local-storage/-/angular-local-storage-0.5.0.tgz",
      "integrity": "sha512-GksrqEpE9af70hqFN/xcVvTaUDcyhTDCedG560lgfTzfVsEeYza1kikK240OfKkJa9NVjbmfMlOP7CdTRNjiow=="
    },
    "angular-resource": {
      "version": "1.5.8",
      "resolved": "https://registry.npmjs.org/angular-resource/-/angular-resource-1.5.8.tgz",
      "integrity": "sha512-Ckp4gsMbQOE8HvUECZOnx+FWGv/yL7K4q5SOihY2ifav6FkaItRFM4exBLUnwYDXUKebtbfkHaDDQMoILx0jfw=="
    },
    "angular-sanitize": {
      "version": "1.5.8",
      "resolved": "https://registry.npmjs.org/angular-sanitize/-/angular-sanitize-1.5.8.tgz",
      "integrity": "sha512-SCr0ekZLacVt5RzgufvfYQRYr34pJSL+lVcbBBtvXyMXNC2g9RcTxA+Uwgaq4AoxnxGiZb2WYrXMtL9nYGAo+Q=="
    },
    "angular-translate": {
      "version": "2.13.0",
      "resolved": "https://registry.npmjs.org/angular-translate/-/angular-translate-2.13.0.tgz",
      "integrity": "sha512-x5u+IK3Zw0CPJEKs12qGyAlCcqIT6SKXPAol6UfCzPkXl0pIkKzMOqQhRjsfXafRIm4/uAE5o9bM7fM3RdxQxw==",
      "requires": {
        "angular": ">=1.2.26 <=1.6"
      }
    },
    "angular-translate-loader-partial": {
      "version": "2.13.0",
      "resolved": "https://registry.npmjs.org/angular-translate-loader-partial/-/angular-translate-loader-partial-2.13.0.tgz",
      "integrity": "sha512-SCVtUDddPynRdG1KHuqfJ1eJu0hzndD/BbjdbkQSyeKjpYhCAxR7NjgCsffVmsA8KU46Kcj1nvedUfR2hrwAcQ==",
      "requires": {
        "angular-translate": "~2.13.0"
      }
    },
    "angular-translate-storage-cookie": {
      "version": "2.13.0",
      "resolved": "https://registry.npmjs.org/angular-translate-storage-cookie/-/angular-translate-storage-cookie-2.13.0.tgz",
      "integrity": "sha512-dgaw36cSXXo+HwHJZ1JjfgjMUnO29G0AJ8tQkibp5o+jUkRv6OKIzteJM9qNgxA6+qNVeTQdFmxq7YRHvIpDNA==",
      "requires": {
        "angular-cookies": ">=1.2.26 <1.6",
        "angular-translate": "~2.13.0"
      }
    },
    "angular-ui-ace": {
      "version": "0.2.3",
      "resolved": "https://registry.npmjs.org/angular-ui-ace/-/angular-ui-ace-0.2.3.tgz",
      "integrity": "sha512-uh3840Jvs6+uUW3u3T5D17AbKeAirPS+chpIMokJECNBpPOoK0ZoS61UKlHb6hsx6o0LCM9KlnAi84BDtmIkUA=="
    },
    "angular-ui-bootstrap": {
      "version": "2.2.0",
      "resolved": "https://registry.npmjs.org/angular-ui-bootstrap/-/angular-ui-bootstrap-2.2.0.tgz",
      "integrity": "sha512-+OVf6od0euS6HmbpYZhb6Xx/pqNyByFIc/t20us+Q6KAU79muPvQ0Uzc39eCbnc9Uz1+pNk/yKOlJTezdEBiyg=="
    },
    "angular-ui-notification": {
      "version": "0.2.0",
      "resolved": "https://registry.npmjs.org/angular-ui-notification/-/angular-ui-notification-0.2.0.tgz",
      "integrity": "sha512-hiUGiCs5mb7oBbqp83BWKEwUHBTY+1JPrMp6KgXGFk9srizz3OwzRkd3rOT3SIQdkJPMWp/SkpZsRErFXy3/XA=="
    },
    "angular-ui-router": {
      "version": "0.3.2",
      "resolved": "https://registry.npmjs.org/angular-ui-router/-/angular-ui-router-0.3.2.tgz",
      "integrity": "sha512-FXtC3D7z7SNtSIdMDXCVO+v4Q6jPABneDvRu6NyOeeZlo09mQFqVCjhKqJWnf94ZlNSmyOXoFSqKD5tL2JTFEg==",
      "requires": {
        "angular": "^1.0.8"
      }
    },
    "bootstrap": {
      "version": "3.3.7",
      "resolved": "https://registry.npmjs.org/bootstrap/-/bootstrap-3.3.7.tgz",
      "integrity": "sha512-qcFaisBrcBhTFkz1IUnGDYnX6ZWfFzH8zOixUDtHW9Ip+r+7MfMFav2rzy7cIHc7rgIg7xjhWBoo1mS/U26j4g=="
    },
    "bootswatch": {
      "version": "3.3.7",
      "resolved": "https://registry.npmjs.org/bootswatch/-/bootswatch-3.3.7.tgz",
      "integrity": "sha512-8tHnBRrEHX+CtFyth9XPyR7Tl97VaU/w14eRRm+/mZrEs9JSe8Ren9UEkdFjDMlxIeDREKichmrb90EzXgtKSQ=="
    },
    "diff": {
      "version": "3.5.0",
      "resolved": "https://registry.npmjs.org/diff/-/diff-3.5.0.tgz",
      "integrity": "sha512-A46qtFgd+g7pDZinpnwiRJtxbC1hpgf0uzP3iG89scHk0AUC7A1TGxf5OiiOUv/JMZR8GOt8hL900hV0bOy5xA=="
    },
    "fast-json-patch": {
      "version": "1.1.1",
      "resolved": "https://registry.npmjs.org/fast-json-patch/-/fast-json-patch-1.1.1.tgz",
      "integrity": "sha512-6E4IY1bdWejJPHLdP0qjeQehvTgqifd5KjBz2RgPw+XaZGRGOY7PbQP8aoQVVefJNSR26G3dLQYGJIo6890IzA=="
    },
    "jquery": {
      "version": "2.2.4",
      "resolved": "https://registry.npmjs.org/jquery/-/jquery-2.2.4.tgz",
      "integrity": "sha512-lBHj60ezci2u1v2FqnZIraShGgEXq35qCzMv4lITyHGppTnA13rwR0MgwyNJh9TnDs3aXUvd1xjAotfraMHX/Q=="
    },
    "json3": {
      "version": "3.3.2",
      "resolved": "https://registry.npmjs.org/json3/-/json3-3.3.2.tgz",
      "integrity": "sha512-I5YLeauH3rIaE99EE++UeH2M2gSYo8/2TqDac7oZEH6D/DSQ4Woa628Qrfj1X9/OY5Mk5VvIDQaKCDchXaKrmA=="
    },
    "moment": {
      "version": "2.16.0",
      "resolved": "https://registry.npmjs.org/moment/-/moment-2.16.0.tgz",
      "integrity": "sha512-Jmy+b0/BMklLlYBzrClLstnS9Wn/WzYnmM2ub8wjdIJhp8UnbTTIHLLZpEsgmPTPgjFnXbTe32XYKYkadf9qJQ=="
    }
  }
}
